{
  "version": 4,
  "terraform_version": "1.3.2",
  "serial": 19,
  "lineage": "ebdea39d-8d3d-a558-de01-e6df2c318283",
  "outputs": {
    "jenkins_IP": {
      "value": "146.190.211.228",
      "type": "string"
    }
  },
  "resources": [
    {
      "mode": "data",
      "type": "digitalocean_ssh_key",
      "name": "jornada",
      "provider": "provider[\"registry.terraform.io/digitalocean/digitalocean\"]",
      "instances": [
        {
          "schema_version": 0,
          "attributes": {
            "fingerprint": "65:1d:95:96:82:04:56:70:9c:28:82:d1:4a:ad:ed:64",
            "id": 36527267,
            "name": "jornada",
            "public_key": "ssh-rsa AAAAB3NzaC1yc2EAAAADAQABAAABAQDe5ODdr9qsJyie2N8/mKvCdgffOKvMdnehcRj9vIdjEQAPvOqH84GwfbZUcGSQ7ODjNua/8TAGrgl9c20I4H814BTIOZ5YazVnHOuFSXcKoGzKsJByBeiewhfydPE0xuQa+HRsEzPfR/aBYyPROFkx980ZDVKwe4bj1L9WDvI9c/gIpzEVBvm7B14rThpBpHmSymRTn1Emx1I//dGF7DEleI1KmlXCUNQ+uyarjWmin8kryFR1OQmWRhEeemfVwopHsqcERs94L5aldFELKSdmkMP2+qFtZCGNSGCfVrgBRZ6HmHJ+28dgz9yLvEdP5G3ghYPBQ3RZiARfHaOOmE8V andse@r2d2"
          },
          "sensitive_attributes": []
        }
      ]
    },
    {
      "mode": "managed",
      "type": "digitalocean_droplet",
      "name": "jenkins",
      "provider": "provider[\"registry.terraform.io/digitalocean/digitalocean\"]",
      "instances": [
        {
          "schema_version": 1,
          "attributes": {
            "backups": false,
            "created_at": "2022-10-19T17:14:44Z",
            "disk": 60,
            "droplet_agent": null,
            "graceful_shutdown": false,
            "id": "321860134",
            "image": "ubuntu-22-04-x64",
            "ipv4_address": "146.190.211.228",
            "ipv4_address_private": "10.116.0.2",
            "ipv6": false,
            "ipv6_address": "",
            "locked": false,
            "memory": 2048,
            "monitoring": false,
            "name": "jenkins",
            "price_hourly": 0.02679,
            "price_monthly": 18,
            "private_networking": true,
            "region": "nyc1",
            "resize_disk": true,
            "size": "s-2vcpu-2gb",
            "ssh_keys": [
              "36527267"
            ],
            "status": "active",
            "tags": [],
            "timeouts": null,
            "urn": "do:droplet:321860134",
            "user_data": null,
            "vcpus": 2,
            "volume_ids": [],
            "vpc_uuid": "e8ca53fd-629e-4280-a426-e0a45edc990c"
          },
          "sensitive_attributes": [],
          "private": "eyJlMmJmYjczMC1lY2FhLTExZTYtOGY4OC0zNDM2M2JjN2M0YzAiOnsiY3JlYXRlIjozNjAwMDAwMDAwMDAwLCJkZWxldGUiOjYwMDAwMDAwMDAwLCJ1cGRhdGUiOjM2MDAwMDAwMDAwMDB9LCJzY2hlbWFfdmVyc2lvbiI6IjEifQ==",
          "dependencies": [
            "data.digitalocean_ssh_key.jornada"
          ]
        }
      ]
    },
    {
      "mode": "managed",
      "type": "digitalocean_kubernetes_cluster",
      "name": "k8s",
      "provider": "provider[\"registry.terraform.io/digitalocean/digitalocean\"]",
      "instances": [
        {
          "schema_version": 3,
          "attributes": {
            "auto_upgrade": false,
            "cluster_subnet": "10.244.0.0/16",
            "created_at": "2022-10-19 17:29:16 +0000 UTC",
            "endpoint": "https://23d8f5cb-e8f1-4ee4-836b-1cc10b04cbdd.k8s.ondigitalocean.com",
            "ha": false,
            "id": "23d8f5cb-e8f1-4ee4-836b-1cc10b04cbdd",
            "ipv4_address": "",
            "kube_config": [
              {
                "client_certificate": "",
                "client_key": "",
                "cluster_ca_certificate": "LS0tLS1CRUdJTiBDRVJUSUZJQ0FURS0tLS0tCk1JSURKekNDQWcrZ0F3SUJBZ0lDQm5Vd0RRWUpLb1pJaHZjTkFRRUxCUUF3TXpFVk1CTUdBMVVFQ2hNTVJHbG4KYVhSaGJFOWpaV0Z1TVJvd0dBWURWUVFERXhGck9ITmhZWE1nUTJ4MWMzUmxjaUJEUVRBZUZ3MHlNakV3TVRreApOekk1TWpOYUZ3MDBNakV3TVRreE56STVNak5hTURNeEZUQVRCZ05WQkFvVERFUnBaMmwwWVd4UFkyVmhiakVhCk1CZ0dBMVVFQXhNUmF6aHpZV0Z6SUVOc2RYTjBaWElnUTBFd2dnRWlNQTBHQ1NxR1NJYjNEUUVCQVFVQUE0SUIKRHdBd2dnRUtBb0lCQVFDckdRUFFxa0l0V0Q0bk1zRnR6YUxQTXFJWlJTeGF3dGdISE5UMC9QK0Y4UUMxajBVUApQRUlOaTVTOTg0QlJOZlRGUjludnk4NEtLR1pvQUU3UHAra2FGaERhdXpGdmRHRVlCbG4xUkJ2Qk92ZTBabmxjCjJoQ3VhWVlTbWtBdzd3Z3pEcDZGUWRlZlBZdUFzbk1PV2wrWUxCdTBOSnQ5NXhyS3FBazdTQXhuYUh6cm5JeUcKUnYyNU5yMy9iWVJLeE1iZkxGU3NFSDl1Qzc0UldEK3pScnNhOWsweERqa3Q3TVZFZVF2MytDVDVVTnp5ZXpYNApCcVNPRWhMM2RyS1JtcHQ5VnU2RGI2TkJoRnZoY2ZRSHFGbno3UHNLNWtRdDVxK3FJdWI2KzB3K2ZBeW9NM0tYCllmRUdxdDZWV2pmYUdQTStxOTNDQnd0TmlpWjJFSFR2eE5weEFnTUJBQUdqUlRCRE1BNEdBMVVkRHdFQi93UUUKQXdJQmhqQVNCZ05WSFJNQkFmOEVDREFHQVFIL0FnRUFNQjBHQTFVZERnUVdCQlJYMndnN0lDYVdPUEVqWlc3LwpIWEs2Y0xLb3NUQU5CZ2txaGtpRzl3MEJBUXNGQUFPQ0FRRUFZV0pQVjV1dFN1UldjeUpwNi9rOVFObnRvL092CjJNYi9iM0RqRkRIUHB0UHdQNVUranRXYTBCT2tOR3IvYUtZWTczT0x2OVlYMnQ5azhuMGszMEZLemZBOUZpTDcKeFJhdlRkeis4MDYxTXBseG1vWjc3K0ZYa202QjJDeCtUeDYwaUVQWG1URGwxZkQ0U1RFQTJqRXBNY0cvbjRvNgpNNnJvUjZyWjBKS2FxNnd0RjNTMHg4WVAzOTEyTXVmdVplN0tqS21RYUNuUTNFZEg5TTNsZUJmTGZIMWNqZHIxCmU0dFpuTWM5WWdHUlk5SkROR0oxdGRQWFVHc08rRkNLbmhLMXI2ZlJYQ25pa1Y0U2QvdnE4ckNuNTl1VTZ6eDYKdHk0WVNtL0x4WlgrQU4zbDEyUytNOElTbWxsZ3E0RnA4c1A1TlZVT0xoU1NvV2Z4ZWQwRVZTQk15dz09Ci0tLS0tRU5EIENFUlRJRklDQVRFLS0tLS0K",
                "expires_at": "2022-10-26T17:34:46Z",
                "host": "https://23d8f5cb-e8f1-4ee4-836b-1cc10b04cbdd.k8s.ondigitalocean.com",
                "raw_config": "apiVersion: v1\nkind: Config\nclusters:\n- cluster:\n    certificate-authority-data: LS0tLS1CRUdJTiBDRVJUSUZJQ0FURS0tLS0tCk1JSURKekNDQWcrZ0F3SUJBZ0lDQm5Vd0RRWUpLb1pJaHZjTkFRRUxCUUF3TXpFVk1CTUdBMVVFQ2hNTVJHbG4KYVhSaGJFOWpaV0Z1TVJvd0dBWURWUVFERXhGck9ITmhZWE1nUTJ4MWMzUmxjaUJEUVRBZUZ3MHlNakV3TVRreApOekk1TWpOYUZ3MDBNakV3TVRreE56STVNak5hTURNeEZUQVRCZ05WQkFvVERFUnBaMmwwWVd4UFkyVmhiakVhCk1CZ0dBMVVFQXhNUmF6aHpZV0Z6SUVOc2RYTjBaWElnUTBFd2dnRWlNQTBHQ1NxR1NJYjNEUUVCQVFVQUE0SUIKRHdBd2dnRUtBb0lCQVFDckdRUFFxa0l0V0Q0bk1zRnR6YUxQTXFJWlJTeGF3dGdISE5UMC9QK0Y4UUMxajBVUApQRUlOaTVTOTg0QlJOZlRGUjludnk4NEtLR1pvQUU3UHAra2FGaERhdXpGdmRHRVlCbG4xUkJ2Qk92ZTBabmxjCjJoQ3VhWVlTbWtBdzd3Z3pEcDZGUWRlZlBZdUFzbk1PV2wrWUxCdTBOSnQ5NXhyS3FBazdTQXhuYUh6cm5JeUcKUnYyNU5yMy9iWVJLeE1iZkxGU3NFSDl1Qzc0UldEK3pScnNhOWsweERqa3Q3TVZFZVF2MytDVDVVTnp5ZXpYNApCcVNPRWhMM2RyS1JtcHQ5VnU2RGI2TkJoRnZoY2ZRSHFGbno3UHNLNWtRdDVxK3FJdWI2KzB3K2ZBeW9NM0tYCllmRUdxdDZWV2pmYUdQTStxOTNDQnd0TmlpWjJFSFR2eE5weEFnTUJBQUdqUlRCRE1BNEdBMVVkRHdFQi93UUUKQXdJQmhqQVNCZ05WSFJNQkFmOEVDREFHQVFIL0FnRUFNQjBHQTFVZERnUVdCQlJYMndnN0lDYVdPUEVqWlc3LwpIWEs2Y0xLb3NUQU5CZ2txaGtpRzl3MEJBUXNGQUFPQ0FRRUFZV0pQVjV1dFN1UldjeUpwNi9rOVFObnRvL092CjJNYi9iM0RqRkRIUHB0UHdQNVUranRXYTBCT2tOR3IvYUtZWTczT0x2OVlYMnQ5azhuMGszMEZLemZBOUZpTDcKeFJhdlRkeis4MDYxTXBseG1vWjc3K0ZYa202QjJDeCtUeDYwaUVQWG1URGwxZkQ0U1RFQTJqRXBNY0cvbjRvNgpNNnJvUjZyWjBKS2FxNnd0RjNTMHg4WVAzOTEyTXVmdVplN0tqS21RYUNuUTNFZEg5TTNsZUJmTGZIMWNqZHIxCmU0dFpuTWM5WWdHUlk5SkROR0oxdGRQWFVHc08rRkNLbmhLMXI2ZlJYQ25pa1Y0U2QvdnE4ckNuNTl1VTZ6eDYKdHk0WVNtL0x4WlgrQU4zbDEyUytNOElTbWxsZ3E0RnA4c1A1TlZVT0xoU1NvV2Z4ZWQwRVZTQk15dz09Ci0tLS0tRU5EIENFUlRJRklDQVRFLS0tLS0K\n    server: https://23d8f5cb-e8f1-4ee4-836b-1cc10b04cbdd.k8s.ondigitalocean.com\n  name: do-nyc1-k8s\ncontexts:\n- context:\n    cluster: do-nyc1-k8s\n    user: do-nyc1-k8s-admin\n  name: do-nyc1-k8s\ncurrent-context: do-nyc1-k8s\nusers:\n- name: do-nyc1-k8s-admin\n  user:\n    token: dop_v1_ea7f21932eefb63470acf912a1c4279e9cc84a259b625e5b201137d86c5cdd5c\n",
                "token": "dop_v1_ea7f21932eefb63470acf912a1c4279e9cc84a259b625e5b201137d86c5cdd5c"
              }
            ],
            "maintenance_policy": [
              {
                "day": "any",
                "duration": "4h0m0s",
                "start_time": "3:00"
              }
            ],
            "name": "k8s",
            "node_pool": [
              {
                "actual_node_count": 2,
                "auto_scale": false,
                "id": "ff31e4a5-bf94-46c6-9431-be6453d7a432",
                "labels": {},
                "max_nodes": 0,
                "min_nodes": 0,
                "name": "default",
                "node_count": 2,
                "nodes": [
                  {
                    "created_at": "2022-10-19 17:29:16 +0000 UTC",
                    "droplet_id": "321862177",
                    "id": "4ff1842a-9a73-439e-8965-bf74d8b17cc4",
                    "name": "default-7v37w",
                    "status": "running",
                    "updated_at": "2022-10-19 17:30:45 +0000 UTC"
                  },
                  {
                    "created_at": "2022-10-19 17:29:16 +0000 UTC",
                    "droplet_id": "321862176",
                    "id": "3afc0912-383a-40cb-b2b8-ecebddf20d1d",
                    "name": "default-7v37g",
                    "status": "running",
                    "updated_at": "2022-10-19 17:30:45 +0000 UTC"
                  }
                ],
                "size": "s-2vcpu-2gb",
                "tags": [],
                "taint": []
              }
            ],
            "region": "nyc1",
            "service_subnet": "10.245.0.0/16",
            "status": "running",
            "surge_upgrade": true,
            "tags": [],
            "timeouts": null,
            "updated_at": "2022-10-19 17:34:44 +0000 UTC",
            "urn": "do:kubernetes:23d8f5cb-e8f1-4ee4-836b-1cc10b04cbdd",
            "version": "1.24.4-do.0",
            "vpc_uuid": "e8ca53fd-629e-4280-a426-e0a45edc990c"
          },
          "sensitive_attributes": [],
          "private": "eyJlMmJmYjczMC1lY2FhLTExZTYtOGY4OC0zNDM2M2JjN2M0YzAiOnsiY3JlYXRlIjoxODAwMDAwMDAwMDAwfSwic2NoZW1hX3ZlcnNpb24iOiIzIn0="
        }
      ]
    }
  ],
  "check_results": []
}
